// !$*UTF8*$!
{
	archiveVersion = 1;
	classes = {
	};
	objectVersion = 46;
	objects = {

/* Begin PBXBuildFile section */
		0A837084EDDE7CDFEDFAC9C0 /* Pods_FillMeUp.framework in Frameworks */ = {isa = PBXBuildFile; fileRef = 347618E067943818B373FF13 /* Pods_FillMeUp.framework */; };
		372B4F761FC5BCAD004C94F1 /* Extension.swift in Sources */ = {isa = PBXBuildFile; fileRef = 372B4F751FC5BCAD004C94F1 /* Extension.swift */; };
		372B4F791FC5F94C004C94F1 /* ResultsViewController.swift in Sources */ = {isa = PBXBuildFile; fileRef = 372B4F781FC5F94C004C94F1 /* ResultsViewController.swift */; };
		372B4F7B1FC5FBDD004C94F1 /* ResultDisplayCell.swift in Sources */ = {isa = PBXBuildFile; fileRef = 372B4F7A1FC5FBDD004C94F1 /* ResultDisplayCell.swift */; };
		372B4F7D1FC5FC90004C94F1 /* AppTheme.swift in Sources */ = {isa = PBXBuildFile; fileRef = 372B4F7C1FC5FC90004C94F1 /* AppTheme.swift */; };
		372B4F7F1FC5FFC3004C94F1 /* ResultsHeaderView.swift in Sources */ = {isa = PBXBuildFile; fileRef = 372B4F7E1FC5FFC3004C94F1 /* ResultsHeaderView.swift */; };
		3740356E1FC1B06600232D11 /* AppDelegate.swift in Sources */ = {isa = PBXBuildFile; fileRef = 3740356D1FC1B06600232D11 /* AppDelegate.swift */; };
		374035701FC1B06600232D11 /* QuestionViewController.swift in Sources */ = {isa = PBXBuildFile; fileRef = 3740356F1FC1B06600232D11 /* QuestionViewController.swift */; };
		374035731FC1B06600232D11 /* Main.storyboard in Resources */ = {isa = PBXBuildFile; fileRef = 374035711FC1B06600232D11 /* Main.storyboard */; };
		374035751FC1B06600232D11 /* Assets.xcassets in Resources */ = {isa = PBXBuildFile; fileRef = 374035741FC1B06600232D11 /* Assets.xcassets */; };
		374035781FC1B06600232D11 /* LaunchScreen.storyboard in Resources */ = {isa = PBXBuildFile; fileRef = 374035761FC1B06600232D11 /* LaunchScreen.storyboard */; };
		374035801FC1B55200232D11 /* APIClient.swift in Sources */ = {isa = PBXBuildFile; fileRef = 3740357F1FC1B55200232D11 /* APIClient.swift */; };
		374035821FC1B57B00232D11 /* Utility.swift in Sources */ = {isa = PBXBuildFile; fileRef = 374035811FC1B57B00232D11 /* Utility.swift */; };
		374035861FC1B5AB00232D11 /* Model.swift in Sources */ = {isa = PBXBuildFile; fileRef = 374035851FC1B5AB00232D11 /* Model.swift */; };
		374035881FC1B5BB00232D11 /* URLConstant.swift in Sources */ = {isa = PBXBuildFile; fileRef = 374035871FC1B5BB00232D11 /* URLConstant.swift */; };
		3740358B1FC1B5E800232D11 /* QuestionTableCell.swift in Sources */ = {isa = PBXBuildFile; fileRef = 3740358A1FC1B5E800232D11 /* QuestionTableCell.swift */; };
		3740358D1FC1B5FA00232D11 /* Identifiers.swift in Sources */ = {isa = PBXBuildFile; fileRef = 3740358C1FC1B5FA00232D11 /* Identifiers.swift */; };
		375300691FC4E54B00EB0D6E /* Strings.swift in Sources */ = {isa = PBXBuildFile; fileRef = 375300681FC4E54B00EB0D6E /* Strings.swift */; };
		3753006B1FC58B6D00EB0D6E /* LinguisticTagger.swift in Sources */ = {isa = PBXBuildFile; fileRef = 3753006A1FC58B6D00EB0D6E /* LinguisticTagger.swift */; };
		3753006D1FC5921600EB0D6E /* Enums.swift in Sources */ = {isa = PBXBuildFile; fileRef = 3753006C1FC5921600EB0D6E /* Enums.swift */; };
		3753006F1FC595EB00EB0D6E /* WordJumble.swift in Sources */ = {isa = PBXBuildFile; fileRef = 3753006E1FC595EB00EB0D6E /* WordJumble.swift */; };
		37BDB46E1FCB3476007C7279 /* ContentExtractor.swift in Sources */ = {isa = PBXBuildFile; fileRef = 37BDB46D1FCB3476007C7279 /* ContentExtractor.swift */; };
		37C59AFE1FC6CF1E0094F9D0 /* ActivityIndicator.swift in Sources */ = {isa = PBXBuildFile; fileRef = 37C59AFD1FC6CF1E0094F9D0 /* ActivityIndicator.swift */; };
/* End PBXBuildFile section */

/* Begin PBXFileReference section */
		347618E067943818B373FF13 /* Pods_FillMeUp.framework */ = {isa = PBXFileReference; explicitFileType = wrapper.framework; includeInIndex = 0; path = Pods_FillMeUp.framework; sourceTree = BUILT_PRODUCTS_DIR; };
		372B4F751FC5BCAD004C94F1 /* Extension.swift */ = {isa = PBXFileReference; lastKnownFileType = sourcecode.swift; path = Extension.swift; sourceTree = "<group>"; };
		372B4F781FC5F94C004C94F1 /* ResultsViewController.swift */ = {isa = PBXFileReference; lastKnownFileType = sourcecode.swift; path = ResultsViewController.swift; sourceTree = "<group>"; };
		372B4F7A1FC5FBDD004C94F1 /* ResultDisplayCell.swift */ = {isa = PBXFileReference; lastKnownFileType = sourcecode.swift; path = ResultDisplayCell.swift; sourceTree = "<group>"; };
		372B4F7C1FC5FC90004C94F1 /* AppTheme.swift */ = {isa = PBXFileReference; lastKnownFileType = sourcecode.swift; path = AppTheme.swift; sourceTree = "<group>"; };
		372B4F7E1FC5FFC3004C94F1 /* ResultsHeaderView.swift */ = {isa = PBXFileReference; lastKnownFileType = sourcecode.swift; path = ResultsHeaderView.swift; sourceTree = "<group>"; };
		3740356A1FC1B06600232D11 /* FillMeUp.app */ = {isa = PBXFileReference; explicitFileType = wrapper.application; includeInIndex = 0; path = FillMeUp.app; sourceTree = BUILT_PRODUCTS_DIR; };
		3740356D1FC1B06600232D11 /* AppDelegate.swift */ = {isa = PBXFileReference; lastKnownFileType = sourcecode.swift; path = AppDelegate.swift; sourceTree = "<group>"; };
		3740356F1FC1B06600232D11 /* QuestionViewController.swift */ = {isa = PBXFileReference; lastKnownFileType = sourcecode.swift; path = QuestionViewController.swift; sourceTree = "<group>"; };
		374035721FC1B06600232D11 /* Base */ = {isa = PBXFileReference; lastKnownFileType = file.storyboard; name = Base; path = Base.lproj/Main.storyboard; sourceTree = "<group>"; };
		374035741FC1B06600232D11 /* Assets.xcassets */ = {isa = PBXFileReference; lastKnownFileType = folder.assetcatalog; path = Assets.xcassets; sourceTree = "<group>"; };
		374035771FC1B06600232D11 /* Base */ = {isa = PBXFileReference; lastKnownFileType = file.storyboard; name = Base; path = Base.lproj/LaunchScreen.storyboard; sourceTree = "<group>"; };
		374035791FC1B06700232D11 /* Info.plist */ = {isa = PBXFileReference; lastKnownFileType = text.plist.xml; path = Info.plist; sourceTree = "<group>"; };
		3740357F1FC1B55200232D11 /* APIClient.swift */ = {isa = PBXFileReference; fileEncoding = 4; lastKnownFileType = sourcecode.swift; path = APIClient.swift; sourceTree = "<group>"; };
		374035811FC1B57B00232D11 /* Utility.swift */ = {isa = PBXFileReference; fileEncoding = 4; lastKnownFileType = sourcecode.swift; path = Utility.swift; sourceTree = "<group>"; };
		374035851FC1B5AB00232D11 /* Model.swift */ = {isa = PBXFileReference; fileEncoding = 4; lastKnownFileType = sourcecode.swift; path = Model.swift; sourceTree = "<group>"; };
		374035871FC1B5BB00232D11 /* URLConstant.swift */ = {isa = PBXFileReference; fileEncoding = 4; lastKnownFileType = sourcecode.swift; path = URLConstant.swift; sourceTree = "<group>"; };
		3740358A1FC1B5E800232D11 /* QuestionTableCell.swift */ = {isa = PBXFileReference; fileEncoding = 4; lastKnownFileType = sourcecode.swift; path = QuestionTableCell.swift; sourceTree = "<group>"; };
		3740358C1FC1B5FA00232D11 /* Identifiers.swift */ = {isa = PBXFileReference; fileEncoding = 4; lastKnownFileType = sourcecode.swift; path = Identifiers.swift; sourceTree = "<group>"; };
		375300681FC4E54B00EB0D6E /* Strings.swift */ = {isa = PBXFileReference; lastKnownFileType = sourcecode.swift; path = Strings.swift; sourceTree = "<group>"; };
		3753006A1FC58B6D00EB0D6E /* LinguisticTagger.swift */ = {isa = PBXFileReference; lastKnownFileType = sourcecode.swift; path = LinguisticTagger.swift; sourceTree = "<group>"; };
		3753006C1FC5921600EB0D6E /* Enums.swift */ = {isa = PBXFileReference; lastKnownFileType = sourcecode.swift; path = Enums.swift; sourceTree = "<group>"; };
		3753006E1FC595EB00EB0D6E /* WordJumble.swift */ = {isa = PBXFileReference; lastKnownFileType = sourcecode.swift; path = WordJumble.swift; sourceTree = "<group>"; };
		37BDB46D1FCB3476007C7279 /* ContentExtractor.swift */ = {isa = PBXFileReference; lastKnownFileType = sourcecode.swift; path = ContentExtractor.swift; sourceTree = "<group>"; };
		37C59AFD1FC6CF1E0094F9D0 /* ActivityIndicator.swift */ = {isa = PBXFileReference; lastKnownFileType = sourcecode.swift; path = ActivityIndicator.swift; sourceTree = "<group>"; };
		6BA4310D622485EED56C8874 /* Pods-FillMeUp.release.xcconfig */ = {isa = PBXFileReference; includeInIndex = 1; lastKnownFileType = text.xcconfig; name = "Pods-FillMeUp.release.xcconfig"; path = "Pods/Target Support Files/Pods-FillMeUp/Pods-FillMeUp.release.xcconfig"; sourceTree = "<group>"; };
		B7042E9DD0A0A6A7848AED77 /* Pods-FillMeUp.debug.xcconfig */ = {isa = PBXFileReference; includeInIndex = 1; lastKnownFileType = text.xcconfig; name = "Pods-FillMeUp.debug.xcconfig"; path = "Pods/Target Support Files/Pods-FillMeUp/Pods-FillMeUp.debug.xcconfig"; sourceTree = "<group>"; };
/* End PBXFileReference section */

/* Begin PBXFrameworksBuildPhase section */
		374035671FC1B06600232D11 /* Frameworks */ = {
			isa = PBXFrameworksBuildPhase;
			buildActionMask = 2147483647;
			files = (
				0A837084EDDE7CDFEDFAC9C0 /* Pods_FillMeUp.framework in Frameworks */,
			);
			runOnlyForDeploymentPostprocessing = 0;
		};
/* End PBXFrameworksBuildPhase section */

/* Begin PBXGroup section */
		372B4F771FC5F8EC004C94F1 /* Helpers */ = {
			isa = PBXGroup;
			children = (
				3740357F1FC1B55200232D11 /* APIClient.swift */,
				372B4F751FC5BCAD004C94F1 /* Extension.swift */,
				374035811FC1B57B00232D11 /* Utility.swift */,
				3753006A1FC58B6D00EB0D6E /* LinguisticTagger.swift */,
				3753006E1FC595EB00EB0D6E /* WordJumble.swift */,
				37C59AFD1FC6CF1E0094F9D0 /* ActivityIndicator.swift */,
				37BDB46D1FCB3476007C7279 /* ContentExtractor.swift */,
			);
			name = Helpers;
			sourceTree = "<group>";
		};
		374035611FC1B06600232D11 = {
			isa = PBXGroup;
			children = (
				3740356C1FC1B06600232D11 /* FillMeUp */,
				3740356B1FC1B06600232D11 /* Products */,
				7BAF940EE3C3BA2970C846EC /* Pods */,
				B0C1845917DFB9CBA209F446 /* Frameworks */,
			);
			sourceTree = "<group>";
		};
		3740356B1FC1B06600232D11 /* Products */ = {
			isa = PBXGroup;
			children = (
				3740356A1FC1B06600232D11 /* FillMeUp.app */,
			);
			name = Products;
			sourceTree = "<group>";
		};
		3740356C1FC1B06600232D11 /* FillMeUp */ = {
			isa = PBXGroup;
			children = (
				372B4F771FC5F8EC004C94F1 /* Helpers */,
				3740358E1FC1B66600232D11 /* Custom Views */,
				374035891FC1B5C200232D11 /* View Controller */,
				374035841FC1B59100232D11 /* Constants */,
				374035831FC1B58C00232D11 /* Models */,
				3740356D1FC1B06600232D11 /* AppDelegate.swift */,
				374035711FC1B06600232D11 /* Main.storyboard */,
				374035741FC1B06600232D11 /* Assets.xcassets */,
				374035761FC1B06600232D11 /* LaunchScreen.storyboard */,
				374035791FC1B06700232D11 /* Info.plist */,
			);
			path = FillMeUp;
			sourceTree = "<group>";
		};
		374035831FC1B58C00232D11 /* Models */ = {
			isa = PBXGroup;
			children = (
				374035851FC1B5AB00232D11 /* Model.swift */,
			);
			name = Models;
			sourceTree = "<group>";
		};
		374035841FC1B59100232D11 /* Constants */ = {
			isa = PBXGroup;
			children = (
				374035871FC1B5BB00232D11 /* URLConstant.swift */,
				3740358C1FC1B5FA00232D11 /* Identifiers.swift */,
				375300681FC4E54B00EB0D6E /* Strings.swift */,
				3753006C1FC5921600EB0D6E /* Enums.swift */,
				372B4F7C1FC5FC90004C94F1 /* AppTheme.swift */,
			);
			name = Constants;
			sourceTree = "<group>";
		};
		374035891FC1B5C200232D11 /* View Controller */ = {
			isa = PBXGroup;
			children = (
				3740356F1FC1B06600232D11 /* QuestionViewController.swift */,
				372B4F781FC5F94C004C94F1 /* ResultsViewController.swift */,
			);
			name = "View Controller";
			sourceTree = "<group>";
		};
		3740358E1FC1B66600232D11 /* Custom Views */ = {
			isa = PBXGroup;
			children = (
				3740358A1FC1B5E800232D11 /* QuestionTableCell.swift */,
				372B4F7A1FC5FBDD004C94F1 /* ResultDisplayCell.swift */,
				372B4F7E1FC5FFC3004C94F1 /* ResultsHeaderView.swift */,
			);
			name = "Custom Views";
			sourceTree = "<group>";
		};
		7BAF940EE3C3BA2970C846EC /* Pods */ = {
			isa = PBXGroup;
			children = (
				B7042E9DD0A0A6A7848AED77 /* Pods-FillMeUp.debug.xcconfig */,
				6BA4310D622485EED56C8874 /* Pods-FillMeUp.release.xcconfig */,
			);
			name = Pods;
			sourceTree = "<group>";
		};
		B0C1845917DFB9CBA209F446 /* Frameworks */ = {
			isa = PBXGroup;
			children = (
				347618E067943818B373FF13 /* Pods_FillMeUp.framework */,
			);
			name = Frameworks;
			sourceTree = "<group>";
		};
/* End PBXGroup section */

/* Begin PBXNativeTarget section */
		374035691FC1B06600232D11 /* FillMeUp */ = {
			isa = PBXNativeTarget;
			buildConfigurationList = 3740357C1FC1B06700232D11 /* Build configuration list for PBXNativeTarget "FillMeUp" */;
			buildPhases = (
				B7A45DFE1EF82204380054AA /* [CP] Check Pods Manifest.lock */,
				374035661FC1B06600232D11 /* Sources */,
				374035671FC1B06600232D11 /* Frameworks */,
				374035681FC1B06600232D11 /* Resources */,
				59BBF50328BD8E36F6DBAF48 /* [CP] Embed Pods Frameworks */,
				0C49EFDC4E4AC0D207583416 /* [CP] Copy Pods Resources */,
			);
			buildRules = (
			);
			dependencies = (
			);
			name = FillMeUp;
			productName = FillMeUp;
			productReference = 3740356A1FC1B06600232D11 /* FillMeUp.app */;
			productType = "com.apple.product-type.application";
		};
/* End PBXNativeTarget section */

/* Begin PBXProject section */
		374035621FC1B06600232D11 /* Project object */ = {
			isa = PBXProject;
			attributes = {
				LastSwiftUpdateCheck = 0830;
				LastUpgradeCheck = 0830;
				ORGANIZATIONNAME = vrat28;
				TargetAttributes = {
					374035691FC1B06600232D11 = {
						CreatedOnToolsVersion = 8.3;
						DevelopmentTeam = 2SL2J3FRZ6;
						ProvisioningStyle = Automatic;
					};
				};
			};
			buildConfigurationList = 374035651FC1B06600232D11 /* Build configuration list for PBXProject "FillMeUp" */;
			compatibilityVersion = "Xcode 3.2";
			developmentRegion = English;
			hasScannedForEncodings = 0;
			knownRegions = (
				en,
				Base,
			);
			mainGroup = 374035611FC1B06600232D11;
			productRefGroup = 3740356B1FC1B06600232D11 /* Products */;
			projectDirPath = "";
			projectRoot = "";
			targets = (
				374035691FC1B06600232D11 /* FillMeUp */,
			);
		};
/* End PBXProject section */

/* Begin PBXResourcesBuildPhase section */
		374035681FC1B06600232D11 /* Resources */ = {
			isa = PBXResourcesBuildPhase;
			buildActionMask = 2147483647;
			files = (
				374035781FC1B06600232D11 /* LaunchScreen.storyboard in Resources */,
				374035751FC1B06600232D11 /* Assets.xcassets in Resources */,
				374035731FC1B06600232D11 /* Main.storyboard in Resources */,
			);
			runOnlyForDeploymentPostprocessing = 0;
		};
/* End PBXResourcesBuildPhase section */

/* Begin PBXShellScriptBuildPhase section */
		0C49EFDC4E4AC0D207583416 /* [CP] Copy Pods Resources */ = {
			isa = PBXShellScriptBuildPhase;
			buildActionMask = 2147483647;
			files = (
			);
			inputPaths = (
			);
			name = "[CP] Copy Pods Resources";
			outputPaths = (
			);
			runOnlyForDeploymentPostprocessing = 0;
			shellPath = /bin/sh;
			shellScript = "\"${SRCROOT}/Pods/Target Support Files/Pods-FillMeUp/Pods-FillMeUp-resources.sh\"\n";
			showEnvVarsInLog = 0;
		};
		59BBF50328BD8E36F6DBAF48 /* [CP] Embed Pods Frameworks */ = {
			isa = PBXShellScriptBuildPhase;
			buildActionMask = 2147483647;
			files = (
			);
			inputPaths = (
			);
			name = "[CP] Embed Pods Frameworks";
			outputPaths = (
			);
			runOnlyForDeploymentPostprocessing = 0;
			shellPath = /bin/sh;
			shellScript = "\"${SRCROOT}/Pods/Target Support Files/Pods-FillMeUp/Pods-FillMeUp-frameworks.sh\"\n";
			showEnvVarsInLog = 0;
		};
		B7A45DFE1EF82204380054AA /* [CP] Check Pods Manifest.lock */ = {
			isa = PBXShellScriptBuildPhase;
			buildActionMask = 2147483647;
			files = (
			);
			inputPaths = (
			);
			name = "[CP] Check Pods Manifest.lock";
			outputPaths = (
			);
			runOnlyForDeploymentPostprocessing = 0;
			shellPath = /bin/sh;
			shellScript = "diff \"${PODS_ROOT}/../Podfile.lock\" \"${PODS_ROOT}/Manifest.lock\" > /dev/null\nif [ $? != 0 ] ; then\n    # print error to STDERR\n    echo \"error: The sandbox is not in sync with the Podfile.lock. Run 'pod install' or update your CocoaPods installation.\" >&2\n    exit 1\nfi\n";
			showEnvVarsInLog = 0;
		};
/* End PBXShellScriptBuildPhase section */

/* Begin PBXSourcesBuildPhase section */
		374035661FC1B06600232D11 /* Sources */ = {
			isa = PBXSourcesBuildPhase;
			buildActionMask = 2147483647;
			files = (
				374035861FC1B5AB00232D11 /* Model.swift in Sources */,
				375300691FC4E54B00EB0D6E /* Strings.swift in Sources */,
				3753006B1FC58B6D00EB0D6E /* LinguisticTagger.swift in Sources */,
				37BDB46E1FCB3476007C7279 /* ContentExtractor.swift in Sources */,
				372B4F791FC5F94C004C94F1 /* ResultsViewController.swift in Sources */,
				374035821FC1B57B00232D11 /* Utility.swift in Sources */,
				3740358D1FC1B5FA00232D11 /* Identifiers.swift in Sources */,
				372B4F7B1FC5FBDD004C94F1 /* ResultDisplayCell.swift in Sources */,
				3740358B1FC1B5E800232D11 /* QuestionTableCell.swift in Sources */,
				3753006F1FC595EB00EB0D6E /* WordJumble.swift in Sources */,
				374035701FC1B06600232D11 /* QuestionViewController.swift in Sources */,
				3740356E1FC1B06600232D11 /* AppDelegate.swift in Sources */,
				372B4F761FC5BCAD004C94F1 /* Extension.swift in Sources */,
				37C59AFE1FC6CF1E0094F9D0 /* ActivityIndicator.swift in Sources */,
				374035801FC1B55200232D11 /* APIClient.swift in Sources */,
				372B4F7F1FC5FFC3004C94F1 /* ResultsHeaderView.swift in Sources */,
				372B4F7D1FC5FC90004C94F1 /* AppTheme.swift in Sources */,
				374035881FC1B5BB00232D11 /* URLConstant.swift in Sources */,
				3753006D1FC5921600EB0D6E /* Enums.swift in Sources */,
			);
			runOnlyForDeploymentPostprocessing = 0;
		};
/* End PBXSourcesBuildPhase section */

/* Begin PBXVariantGroup section */
		374035711FC1B06600232D11 /* Main.storyboard */ = {
			isa = PBXVariantGroup;
			children = (
				374035721FC1B06600232D11 /* Base */,
			);
			name = Main.storyboard;
			sourceTree = "<group>";
		};
		374035761FC1B06600232D11 /* LaunchScreen.storyboard */ = {
			isa = PBXVariantGroup;
			children = (
				374035771FC1B06600232D11 /* Base */,
			);
			name = LaunchScreen.storyboard;
			sourceTree = "<group>";
		};
/* End PBXVariantGroup section */

/* Begin XCBuildConfiguration section */
		3740357A1FC1B06700232D11 /* Debug */ = {
			isa = XCBuildConfiguration;
			buildSettings = {
				ALWAYS_SEARCH_USER_PATHS = NO;
				CLANG_ANALYZER_NONNULL = YES;
				CLANG_ANALYZER_NUMBER_OBJECT_CONVERSION = YES_AGGRESSIVE;
				CLANG_CXX_LANGUAGE_STANDARD = "gnu++0x";
				CLANG_CXX_LIBRARY = "libc++";
				CLANG_ENABLE_MODULES = YES;
				CLANG_ENABLE_OBJC_ARC = YES;
				CLANG_WARN_BOOL_CONVERSION = YES;
				CLANG_WARN_CONSTANT_CONVERSION = YES;
				CLANG_WARN_DIRECT_OBJC_ISA_USAGE = YES_ERROR;
				CLANG_WARN_DOCUMENTATION_COMMENTS = YES;
				CLANG_WARN_EMPTY_BODY = YES;
				CLANG_WARN_ENUM_CONVERSION = YES;
				CLANG_WARN_INFINITE_RECURSION = YES;
				CLANG_WARN_INT_CONVERSION = YES;
				CLANG_WARN_OBJC_ROOT_CLASS = YES_ERROR;
				CLANG_WARN_SUSPICIOUS_MOVE = YES;
				CLANG_WARN_UNREACHABLE_CODE = YES;
				CLANG_WARN__DUPLICATE_METHOD_MATCH = YES;
				"CODE_SIGN_IDENTITY[sdk=iphoneos*]" = "iPhone Developer";
				COPY_PHASE_STRIP = NO;
				DEBUG_INFORMATION_FORMAT = dwarf;
				ENABLE_STRICT_OBJC_MSGSEND = YES;
				ENABLE_TESTABILITY = YES;
				GCC_C_LANGUAGE_STANDARD = gnu99;
				GCC_DYNAMIC_NO_PIC = NO;
				GCC_NO_COMMON_BLOCKS = YES;
				GCC_OPTIMIZATION_LEVEL = 0;
				GCC_PREPROCESSOR_DEFINITIONS = (
					"DEBUG=1",
					"$(inherited)",
				);
				GCC_WARN_64_TO_32_BIT_CONVERSION = YES;
				GCC_WARN_ABOUT_RETURN_TYPE = YES_ERROR;
				GCC_WARN_UNDECLARED_SELECTOR = YES;
				GCC_WARN_UNINITIALIZED_AUTOS = YES_AGGRESSIVE;
				GCC_WARN_UNUSED_FUNCTION = YES;
				GCC_WARN_UNUSED_VARIABLE = YES;
				IPHONEOS_DEPLOYMENT_TARGET = 10.3;
				MTL_ENABLE_DEBUG_INFO = YES;
				ONLY_ACTIVE_ARCH = YES;
				SDKROOT = iphoneos;
				SWIFT_ACTIVE_COMPILATION_CONDITIONS = DEBUG;
				SWIFT_OPTIMIZATION_LEVEL = "-Onone";
			};
			name = Debug;
		};
		3740357B1FC1B06700232D11 /* Release */ = {
			isa = XCBuildConfiguration;
			buildSettings = {
				ALWAYS_SEARCH_USER_PATHS = NO;
				CLANG_ANALYZER_NONNULL = YES;
				CLANG_ANALYZER_NUMBER_OBJECT_CONVERSION = YES_AGGRESSIVE;
				CLANG_CXX_LANGUAGE_STANDARD = "gnu++0x";
				CLANG_CXX_LIBRARY = "libc++";
				CLANG_ENABLE_MODULES = YES;
				CLANG_ENABLE_OBJC_ARC = YES;
				CLANG_WARN_BOOL_CONVERSION = YES;
				CLANG_WARN_CONSTANT_CONVERSION = YES;
				CLANG_WARN_DIRECT_OBJC_ISA_USAGE = YES_ERROR;
				CLANG_WARN_DOCUMENTATION_COMMENTS = YES;
				CLANG_WARN_EMPTY_BODY = YES;
				CLANG_WARN_ENUM_CONVERSION = YES;
				CLANG_WARN_INFINITE_RECURSION = YES;
				CLANG_WARN_INT_CONVERSION = YES;
				CLANG_WARN_OBJC_ROOT_CLASS = YES_ERROR;
				CLANG_WARN_SUSPICIOUS_MOVE = YES;
				CLANG_WARN_UNREACHABLE_CODE = YES;
				CLANG_WARN__DUPLICATE_METHOD_MATCH = YES;
				"CODE_SIGN_IDENTITY[sdk=iphoneos*]" = "iPhone Developer";
				COPY_PHASE_STRIP = NO;
				DEBUG_INFORMATION_FORMAT = "dwarf-with-dsym";
				ENABLE_NS_ASSERTIONS = NO;
				ENABLE_STRICT_OBJC_MSGSEND = YES;
				GCC_C_LANGUAGE_STANDARD = gnu99;
				GCC_NO_COMMON_BLOCKS = YES;
				GCC_WARN_64_TO_32_BIT_CONVERSION = YES;
				GCC_WARN_ABOUT_RETURN_TYPE = YES_ERROR;
				GCC_WARN_UNDECLARED_SELECTOR = YES;
				GCC_WARN_UNINITIALIZED_AUTOS = YES_AGGRESSIVE;
				GCC_WARN_UNUSED_FUNCTION = YES;
				GCC_WARN_UNUSED_VARIABLE = YES;
				IPHONEOS_DEPLOYMENT_TARGET = 10.3;
				MTL_ENABLE_DEBUG_INFO = NO;
				SDKROOT = iphoneos;
				SWIFT_OPTIMIZATION_LEVEL = "-Owholemodule";
				VALIDATE_PRODUCT = YES;
			};
			name = Release;
		};
		3740357D1FC1B06700232D11 /* Debug */ = {
			isa = XCBuildConfiguration;
			baseConfigurationReference = B7042E9DD0A0A6A7848AED77 /* Pods-FillMeUp.debug.xcconfig */;
			buildSettings = {
				ASSETCATALOG_COMPILER_APPICON_NAME = AppIcon;
				DEVELOPMENT_TEAM = 2SL2J3FRZ6;
				INFOPLIST_FILE = FillMeUp/Info.plist;
				IPHONEOS_DEPLOYMENT_TARGET = 8.0;
				LD_RUNPATH_SEARCH_PATHS = "$(inherited) @executable_path/Frameworks";
				PRODUCT_BUNDLE_IDENTIFIER = com.vrat28.FillMeUp;
				PRODUCT_NAME = "$(TARGET_NAME)";
				SWIFT_VERSION = 3.0;
				TARGETED_DEVICE_FAMILY = "1,2";
			};
			name = Debug;
		};
		3740357E1FC1B06700232D11 /* Release */ = {
			isa = XCBuildConfiguration;
			baseConfigurationReference = 6BA4310D622485EED56C8874 /* Pods-FillMeUp.release.xcconfig */;
			buildSettings = {
				ASSETCATALOG_COMPILER_APPICON_NAME = AppIcon;
				DEVELOPMENT_TEAM = 2SL2J3FRZ6;
				INFOPLIST_FILE = FillMeUp/Info.plist;
				IPHONEOS_DEPLOYMENT_TARGET = 8.0;
				LD_RUNPATH_SEARCH_PATHS = "$(inherited) @executable_path/Frameworks";
				PRODUCT_BUNDLE_IDENTIFIER = com.vrat28.FillMeUp;
				PRODUCT_NAME = "$(TARGET_NAME)";
				SWIFT_VERSION = 3.0;
				TARGETED_DEVICE_FAMILY = "1,2";
			};
			name = Release;
		};
/* End XCBuildConfiguration section */

/* Begin XCConfigurationList section */
		374035651FC1B06600232D11 /* Build configuration list for PBXProject "FillMeUp" */ = {
			isa = XCConfigurationList;
			buildConfigurations = (
				3740357A1FC1B06700232D11 /* Debug */,
				3740357B1FC1B06700232D11 /* Release */,
			);
			defaultConfigurationIsVisible = 0;
			defaultConfigurationName = Release;
		};
		3740357C1FC1B06700232D11 /* Build configuration list for PBXNativeTarget "FillMeUp" */ = {
			isa = XCConfigurationList;
			buildConfigurations = (
				3740357D1FC1B06700232D11 /* Debug */,
				3740357E1FC1B06700232D11 /* Release */,
			);
			defaultConfigurationIsVisible = 0;
			defaultConfigurationName = Release;
		};
/* End XCConfigurationList section */
	};
	rootObject = 374035621FC1B06600232D11 /* Project object */;
}
